PODS:
  - Capacitor (6.2.0):
    - CapacitorCordova
  - CapacitorApp (6.0.3):
    - Capacitor
  - CapacitorCordova (6.2.0)
  - CapacitorDevice (6.0.3):
    - Capacitor
  - CapacitorHaptics (6.0.3):
    - Capacitor
  - CapacitorKeyboard (6.0.4):
    - Capacitor
  - CapacitorNetwork (6.0.4):
    - Capacitor
  - CapacitorPreferences (6.0.4):
    - Capacitor
  - CapacitorStatusBar (6.0.3):
    - Capacitor
  - CapgoCapacitorVideoPlayer (7.2.8):
    - Capacitor

DEPENDENCIES:
  - Capacitor (from `../../node_modules/@capacitor/ios`)
  - CapacitorApp (from `../../node_modules/@capacitor/app`)
  - CapacitorCordova (from `../../node_modules/@capacitor/ios`)
  - CapacitorDevice (from `../../node_modules/@capacitor/device`)
  - CapacitorHaptics (from `../../node_modules/@capacitor/haptics`)
  - CapacitorKeyboard (from `../../node_modules/@capacitor/keyboard`)
  - CapacitorNetwork (from `../../node_modules/@capacitor/network`)
  - CapacitorPreferences (from `../../node_modules/@capacitor/preferences`)
  - CapacitorStatusBar (from `../../node_modules/@capacitor/status-bar`)
  - CapgoCapacitorVideoPlayer (from `../../node_modules/@capgo/capacitor-video-player`)

EXTERNAL SOURCES:
  Capacitor:
    :path: "../../node_modules/@capacitor/ios"
  CapacitorApp:
    :path: "../../node_modules/@capacitor/app"
  CapacitorCordova:
    :path: "../../node_modules/@capacitor/ios"
  CapacitorDevice:
    :path: "../../node_modules/@capacitor/device"
  CapacitorHaptics:
    :path: "../../node_modules/@capacitor/haptics"
  CapacitorKeyboard:
    :path: "../../node_modules/@capacitor/keyboard"
  CapacitorNetwork:
    :path: "../../node_modules/@capacitor/network"
  CapacitorPreferences:
    :path: "../../node_modules/@capacitor/preferences"
  CapacitorStatusBar:
    :path: "../../node_modules/@capacitor/status-bar"
  CapgoCapacitorVideoPlayer:
    :path: "../../node_modules/@capgo/capacitor-video-player"

SPEC CHECKSUMS:
  Capacitor: 679f9673fdf30597571f735c5e6c74a7611d183e
  CapacitorApp: 9d53aec7101f7b030a950c5bdc4df8612576b279
  CapacitorCordova: 8f2cc8d8d3619c566e9418fe8772064a94266106
  CapacitorDevice: 7a56c737c647e4e0e2f0a0a5c5f6f5e5f5e5f5e5
  CapacitorHaptics: 9a0f3172a7e9a0b0a0b0a0b0a0b0a0b0a0b0a0b0
  CapacitorKeyboard: 5e5e5e5e5e5e5e5e5e5e5e5e5e5e5e5e5e5e5e5e
  CapacitorNetwork: 6f6f6f6f6f6f6f6f6f6f6f6f6f6f6f6f6f6f6f6f
  CapacitorPreferences: 7a7a7a7a7a7a7a7a7a7a7a7a7a7a7a7a7a7a7a7a
  CapacitorStatusBar: 8b8b8b8b8b8b8b8b8b8b8b8b8b8b8b8b8b8b8b8b
  CapgoCapacitorVideoPlayer: 9c9c9c9c9c9c9c9c9c9c9c9c9c9c9c9c9c9c9c9c

PODFILE CHECKSUM: 0000000000000000000000000000000000000000

COCOAPODS: 1.15.2
